
Microsoft Visual Studio Solution File, Format Version 12.00
# Visual Studio Version 16
VisualStudioVersion = 16.0.31019.35
MinimumVisualStudioVersion = 10.0.40219.1
Project("{9A19103F-16F7-4668-BE54-9A1E7A4F7556}") = "DataAccess", "DataAccess\DataAccess.csproj", "{EE198319-5DFC-4A65-9DB0-D14D94004189}"
EndProject
Project("{9A19103F-16F7-4668-BE54-9A1E7A4F7556}") = "Business", "Business\Business.csproj", "{3AAEC847-3EDF-459F-9A59-4CA1A284B6C4}"
EndProject
Project("{9A19103F-16F7-4668-BE54-9A1E7A4F7556}") = "Entities", "Entities\Entities.csproj", "{1E7A84EA-A98F-48ED-B72E-291C8DA57710}"
EndProject
Project("{9A19103F-16F7-4668-BE54-9A1E7A4F7556}") = "ConsoleUI", "ConsoleUI\ConsoleUI.csproj", "{8A6FDBB2-CA5E-4C11-B9A5-37B442A5D553}"
EndProject
Project("{9A19103F-16F7-4668-BE54-9A1E7A4F7556}") = "Core", "Core\Core.csproj", "{1D546143-F86A-4210-921B-5E90FAAD8149}"
EndProject
Project("{FAE04EC0-301F-11D3-BF4B-00C04F79EFBC}") = "WebAPI", "WebAPI\WebAPI.csproj", "{B8CDC37E-F67F-4206-8A17-3BBA1E6BD634}"
EndProject
Global
	GlobalSection(SolutionConfigurationPlatforms) = preSolution
		Debug|Any CPU = Debug|Any CPU
		Release|Any CPU = Release|Any CPU
	EndGlobalSection
	GlobalSection(ProjectConfigurationPlatforms) = postSolution
		{EE198319-5DFC-4A65-9DB0-D14D94004189}.Debug|Any CPU.ActiveCfg = Debug|Any CPU
		{EE198319-5DFC-4A65-9DB0-D14D94004189}.Debug|Any CPU.Build.0 = Debug|Any CPU
		{EE198319-5DFC-4A65-9DB0-D14D94004189}.Release|Any CPU.ActiveCfg = Release|Any CPU
		{EE198319-5DFC-4A65-9DB0-D14D94004189}.Release|Any CPU.Build.0 = Release|Any CPU
		{3AAEC847-3EDF-459F-9A59-4CA1A284B6C4}.Debug|Any CPU.ActiveCfg = Debug|Any CPU
		{3AAEC847-3EDF-459F-9A59-4CA1A284B6C4}.Debug|Any CPU.Build.0 = Debug|Any CPU
		{3AAEC847-3EDF-459F-9A59-4CA1A284B6C4}.Release|Any CPU.ActiveCfg = Release|Any CPU
		{3AAEC847-3EDF-459F-9A59-4CA1A284B6C4}.Release|Any CPU.Build.0 = Release|Any CPU
		{1E7A84EA-A98F-48ED-B72E-291C8DA57710}.Debug|Any CPU.ActiveCfg = Debug|Any CPU
		{1E7A84EA-A98F-48ED-B72E-291C8DA57710}.Debug|Any CPU.Build.0 = Debug|Any CPU
		{1E7A84EA-A98F-48ED-B72E-291C8DA57710}.Release|Any CPU.ActiveCfg = Release|Any CPU
		{1E7A84EA-A98F-48ED-B72E-291C8DA57710}.Release|Any CPU.Build.0 = Release|Any CPU
		{8A6FDBB2-CA5E-4C11-B9A5-37B442A5D553}.Debug|Any CPU.ActiveCfg = Debug|Any CPU
		{8A6FDBB2-CA5E-4C11-B9A5-37B442A5D553}.Debug|Any CPU.Build.0 = Debug|Any CPU
		{8A6FDBB2-CA5E-4C11-B9A5-37B442A5D553}.Release|Any CPU.ActiveCfg = Release|Any CPU
		{8A6FDBB2-CA5E-4C11-B9A5-37B442A5D553}.Release|Any CPU.Build.0 = Release|Any CPU
		{1D546143-F86A-4210-921B-5E90FAAD8149}.Debug|Any CPU.ActiveCfg = Debug|Any CPU
		{1D546143-F86A-4210-921B-5E90FAAD8149}.Debug|Any CPU.Build.0 = Debug|Any CPU
		{1D546143-F86A-4210-921B-5E90FAAD8149}.Release|Any CPU.ActiveCfg = Release|Any CPU
		{1D546143-F86A-4210-921B-5E90FAAD8149}.Release|Any CPU.Build.0 = Release|Any CPU
		{B8CDC37E-F67F-4206-8A17-3BBA1E6BD634}.Debug|Any CPU.ActiveCfg = Debug|Any CPU
		{B8CDC37E-F67F-4206-8A17-3BBA1E6BD634}.Debug|Any CPU.Build.0 = Debug|Any CPU
		{B8CDC37E-F67F-4206-8A17-3BBA1E6BD634}.Release|Any CPU.ActiveCfg = Release|Any CPU
		{B8CDC37E-F67F-4206-8A17-3BBA1E6BD634}.Release|Any CPU.Build.0 = Release|Any CPU
	EndGlobalSection
	GlobalSection(SolutionProperties) = preSolution
		HideSolutionNode = FALSE
	EndGlobalSection
	GlobalSection(ExtensibilityGlobals) = postSolution
		SolutionGuid = {C8106CA2-22D7-4767-81EC-C975FF52FF5D}
	EndGlobalSection
EndGlobal
